
Microsoft Visual Studio Solution File, Format Version 12.00
# Visual Studio Version 16
VisualStudioVersion = 16.0.30114.105
MinimumVisualStudioVersion = 10.0.40219.1
Project("{2150E333-8FDC-42A3-9474-1A3956D46DE8}") = "src", "src", "{DD404B70-89A9-4B2D-B81D-5CDCE12B8E70}"
EndProject
Project("{FAE04EC0-301F-11D3-BF4B-00C04F79EFBC}") = "BuyingCatalogueFunction", "src\BuyingCatalogueFunction\BuyingCatalogueFunction.csproj", "{1DB5C1F2-72EB-433A-98AB-F4C168189A94}"
EndProject
Project("{2150E333-8FDC-42A3-9474-1A3956D46DE8}") = "tests", "tests", "{4050EEA0-BD2D-4B83-9AF4-C51F8101BF29}"
EndProject
Project("{FAE04EC0-301F-11D3-BF4B-00C04F79EFBC}") = "BuyingCatalogueFunctionTests", "tests\BuyingCatalogueFunctionTests\BuyingCatalogueFunctionTests.csproj", "{063079EC-FB02-45CA-BBAA-EBDCCBB72010}"
EndProject
Project("{FAE04EC0-301F-11D3-BF4B-00C04F79EFBC}") = "OrganisationImporter", "src\OrganisationImporter\OrganisationImporter.csproj", "{F390DE19-4E60-4BA3-859D-E627609213FC}"
EndProject
Project("{FAE04EC0-301F-11D3-BF4B-00C04F79EFBC}") = "OrganisationImporterTests", "tests\OrganisationImporterTests\OrganisationImporterTests.csproj", "{FC7540B8-DF85-4109-837C-723D58E6A1C3}"
EndProject
Global
	GlobalSection(SolutionConfigurationPlatforms) = preSolution
		Debug|Any CPU = Debug|Any CPU
		Release|Any CPU = Release|Any CPU
	EndGlobalSection
	GlobalSection(SolutionProperties) = preSolution
		HideSolutionNode = FALSE
	EndGlobalSection
	GlobalSection(ProjectConfigurationPlatforms) = postSolution
		{1DB5C1F2-72EB-433A-98AB-F4C168189A94}.Debug|Any CPU.ActiveCfg = Debug|Any CPU
		{1DB5C1F2-72EB-433A-98AB-F4C168189A94}.Debug|Any CPU.Build.0 = Debug|Any CPU
		{1DB5C1F2-72EB-433A-98AB-F4C168189A94}.Release|Any CPU.ActiveCfg = Release|Any CPU
		{1DB5C1F2-72EB-433A-98AB-F4C168189A94}.Release|Any CPU.Build.0 = Release|Any CPU
		{063079EC-FB02-45CA-BBAA-EBDCCBB72010}.Debug|Any CPU.ActiveCfg = Debug|Any CPU
		{063079EC-FB02-45CA-BBAA-EBDCCBB72010}.Debug|Any CPU.Build.0 = Debug|Any CPU
		{063079EC-FB02-45CA-BBAA-EBDCCBB72010}.Release|Any CPU.ActiveCfg = Release|Any CPU
		{063079EC-FB02-45CA-BBAA-EBDCCBB72010}.Release|Any CPU.Build.0 = Release|Any CPU
		{F390DE19-4E60-4BA3-859D-E627609213FC}.Debug|Any CPU.ActiveCfg = Debug|Any CPU
		{F390DE19-4E60-4BA3-859D-E627609213FC}.Debug|Any CPU.Build.0 = Debug|Any CPU
		{F390DE19-4E60-4BA3-859D-E627609213FC}.Release|Any CPU.ActiveCfg = Release|Any CPU
		{F390DE19-4E60-4BA3-859D-E627609213FC}.Release|Any CPU.Build.0 = Release|Any CPU
		{FC7540B8-DF85-4109-837C-723D58E6A1C3}.Debug|Any CPU.ActiveCfg = Debug|Any CPU
		{FC7540B8-DF85-4109-837C-723D58E6A1C3}.Debug|Any CPU.Build.0 = Debug|Any CPU
		{FC7540B8-DF85-4109-837C-723D58E6A1C3}.Release|Any CPU.ActiveCfg = Release|Any CPU
		{FC7540B8-DF85-4109-837C-723D58E6A1C3}.Release|Any CPU.Build.0 = Release|Any CPU
	EndGlobalSection
	GlobalSection(NestedProjects) = preSolution
		{1DB5C1F2-72EB-433A-98AB-F4C168189A94} = {DD404B70-89A9-4B2D-B81D-5CDCE12B8E70}
		{063079EC-FB02-45CA-BBAA-EBDCCBB72010} = {4050EEA0-BD2D-4B83-9AF4-C51F8101BF29}
		{F390DE19-4E60-4BA3-859D-E627609213FC} = {DD404B70-89A9-4B2D-B81D-5CDCE12B8E70}
		{FC7540B8-DF85-4109-837C-723D58E6A1C3} = {4050EEA0-BD2D-4B83-9AF4-C51F8101BF29}
	EndGlobalSection
EndGlobal
