
Microsoft Visual Studio Solution File, Format Version 12.00
# Visual Studio Version 17
VisualStudioVersion = 17.4.33122.133
MinimumVisualStudioVersion = 10.0.40219.1
Project("{9A19103F-16F7-4668-BE54-9A1E7A4F7556}") = "NHSD.GPITBuyingCatalogue.Database", "database\NHSD.GPITBuyingCatalogue.Database\NHSD.GPITBuyingCatalogue.Database.sqlproj", "{3A93AFA0-D505-46F6-9B6C-A66C23907991}"
EndProject
Project("{9A19103F-16F7-4668-BE54-9A1E7A4F7556}") = "NHSD.GPITBuyingCatalogue.Database.Deployment", "database\NHSD.GPITBuyingCatalogue.Database.Deployment\NHSD.GPITBuyingCatalogue.Database.Deployment.csproj", "{C23EFD96-B271-4775-A973-419E86EB8A24}"
EndProject
Global
	GlobalSection(SolutionConfigurationPlatforms) = preSolution
		Debug|Any CPU = Debug|Any CPU
		Release|Any CPU = Release|Any CPU
	EndGlobalSection
	GlobalSection(ProjectConfigurationPlatforms) = postSolution
		{3A93AFA0-D505-46F6-9B6C-A66C23907991}.Debug|Any CPU.ActiveCfg = Debug|Any CPU
		{3A93AFA0-D505-46F6-9B6C-A66C23907991}.Debug|Any CPU.Build.0 = Debug|Any CPU
		{3A93AFA0-D505-46F6-9B6C-A66C23907991}.Release|Any CPU.ActiveCfg = Release|Any CPU
		{3A93AFA0-D505-46F6-9B6C-A66C23907991}.Release|Any CPU.Build.0 = Release|Any CPU
		{C23EFD96-B271-4775-A973-419E86EB8A24}.Debug|Any CPU.ActiveCfg = Debug|Any CPU
		{C23EFD96-B271-4775-A973-419E86EB8A24}.Debug|Any CPU.Build.0 = Debug|Any CPU
		{C23EFD96-B271-4775-A973-419E86EB8A24}.Release|Any CPU.ActiveCfg = Release|Any CPU
		{C23EFD96-B271-4775-A973-419E86EB8A24}.Release|Any CPU.Build.0 = Release|Any CPU
	EndGlobalSection
	GlobalSection(SolutionProperties) = preSolution
		HideSolutionNode = FALSE
	EndGlobalSection
	GlobalSection(ExtensibilityGlobals) = postSolution
		SolutionGuid = {ACBDD5CD-68F3-4F9D-AB0F-8FC81DC6023C}
	EndGlobalSection
EndGlobal
