
Microsoft Visual Studio Solution File, Format Version 12.00
# Visual Studio Version 16
VisualStudioVersion = 16.0.31005.135
MinimumVisualStudioVersion = 10.0.40219.1
Project("{2150E333-8FDC-42A3-9474-1A3956D46DE8}") = "Solution Items", "Solution Items", "{F263267A-74BC-476F-AC68-412968DFDE9B}"
	ProjectSection(SolutionItems) = preProject
		LICENSE = LICENSE
		README.md = README.md
	EndProjectSection
EndProject
Project("{2150E333-8FDC-42A3-9474-1A3956D46DE8}") = "src", "src", "{885B7CFA-DB1B-4D95-9943-CDDDDCBED5A3}"
EndProject
Project("{2150E333-8FDC-42A3-9474-1A3956D46DE8}") = "tests", "tests", "{D1172DF2-850A-4CCD-949F-8CB9AE7A2DE8}"
EndProject
Project("{9A19103F-16F7-4668-BE54-9A1E7A4F7556}") = "NHSD.GPIT.BuyingCatalogue.WebApp", "src\NHSD.GPIT.BuyingCatalogue.WebApp\NHSD.GPIT.BuyingCatalogue.WebApp.csproj", "{4CB21DE6-F59A-4F8D-B63B-41D9DB7461EC}"
EndProject
Project("{E53339B2-1760-4266-BCC7-CA923CBCF16C}") = "docker-compose", "docker-compose.dcproj", "{593A5286-F85C-46A1-AE0C-400A53847DD6}"
EndProject
Project("{FAE04EC0-301F-11D3-BF4B-00C04F79EFBC}") = "NHSD.GPIT.BuyingCatalogue.WebApp.UnitTests", "tests\NHSD.GPIT.BuyingCatalogue.WebApp.UnitTests\NHSD.GPIT.BuyingCatalogue.WebApp.UnitTests.csproj", "{405586F3-B228-43FC-B875-D15B4476D301}"
EndProject
Project("{FAE04EC0-301F-11D3-BF4B-00C04F79EFBC}") = "NHSD.GPIT.BuyingCatalogue.WebApp.IntegrationTests", "tests\NHSD.GPIT.BuyingCatalogue.WebApp.IntegrationTests\NHSD.GPIT.BuyingCatalogue.WebApp.IntegrationTests.csproj", "{72CE1F54-FDDE-4762-8973-7BC9D2485B20}"
EndProject
Global
	GlobalSection(SolutionConfigurationPlatforms) = preSolution
		Debug|Any CPU = Debug|Any CPU
		Release|Any CPU = Release|Any CPU
	EndGlobalSection
	GlobalSection(ProjectConfigurationPlatforms) = postSolution
		{4CB21DE6-F59A-4F8D-B63B-41D9DB7461EC}.Debug|Any CPU.ActiveCfg = Debug|Any CPU
		{4CB21DE6-F59A-4F8D-B63B-41D9DB7461EC}.Debug|Any CPU.Build.0 = Debug|Any CPU
		{4CB21DE6-F59A-4F8D-B63B-41D9DB7461EC}.Release|Any CPU.ActiveCfg = Release|Any CPU
		{4CB21DE6-F59A-4F8D-B63B-41D9DB7461EC}.Release|Any CPU.Build.0 = Release|Any CPU
		{593A5286-F85C-46A1-AE0C-400A53847DD6}.Debug|Any CPU.ActiveCfg = Debug|Any CPU
		{593A5286-F85C-46A1-AE0C-400A53847DD6}.Debug|Any CPU.Build.0 = Debug|Any CPU
		{593A5286-F85C-46A1-AE0C-400A53847DD6}.Release|Any CPU.ActiveCfg = Release|Any CPU
		{593A5286-F85C-46A1-AE0C-400A53847DD6}.Release|Any CPU.Build.0 = Release|Any CPU
		{405586F3-B228-43FC-B875-D15B4476D301}.Debug|Any CPU.ActiveCfg = Debug|Any CPU
		{405586F3-B228-43FC-B875-D15B4476D301}.Debug|Any CPU.Build.0 = Debug|Any CPU
		{405586F3-B228-43FC-B875-D15B4476D301}.Release|Any CPU.ActiveCfg = Release|Any CPU
		{405586F3-B228-43FC-B875-D15B4476D301}.Release|Any CPU.Build.0 = Release|Any CPU
		{72CE1F54-FDDE-4762-8973-7BC9D2485B20}.Debug|Any CPU.ActiveCfg = Debug|Any CPU
		{72CE1F54-FDDE-4762-8973-7BC9D2485B20}.Debug|Any CPU.Build.0 = Debug|Any CPU
		{72CE1F54-FDDE-4762-8973-7BC9D2485B20}.Release|Any CPU.ActiveCfg = Release|Any CPU
		{72CE1F54-FDDE-4762-8973-7BC9D2485B20}.Release|Any CPU.Build.0 = Release|Any CPU
	EndGlobalSection
	GlobalSection(SolutionProperties) = preSolution
		HideSolutionNode = FALSE
	EndGlobalSection
	GlobalSection(NestedProjects) = preSolution
		{4CB21DE6-F59A-4F8D-B63B-41D9DB7461EC} = {885B7CFA-DB1B-4D95-9943-CDDDDCBED5A3}
		{593A5286-F85C-46A1-AE0C-400A53847DD6} = {F263267A-74BC-476F-AC68-412968DFDE9B}
		{405586F3-B228-43FC-B875-D15B4476D301} = {D1172DF2-850A-4CCD-949F-8CB9AE7A2DE8}
		{72CE1F54-FDDE-4762-8973-7BC9D2485B20} = {D1172DF2-850A-4CCD-949F-8CB9AE7A2DE8}
	EndGlobalSection
	GlobalSection(ExtensibilityGlobals) = postSolution
		SolutionGuid = {141F787F-5876-42E9-90BB-1A87A9EE130D}
	EndGlobalSection
EndGlobal
