
Microsoft Visual Studio Solution File, Format Version 12.00
# Visual Studio Version 17
VisualStudioVersion = 17.0.32014.148
MinimumVisualStudioVersion = 10.0.40219.1
Project("{2150E333-8FDC-42A3-9474-1A3956D46DE8}") = "Solution Items", "Solution Items", "{F263267A-74BC-476F-AC68-412968DFDE9B}"
	ProjectSection(SolutionItems) = preProject
		.editorconfig = .editorconfig
		.gitignore = .gitignore
		azure-pipelines.yml = azure-pipelines.yml
		CodeCoverage.runsettings = CodeCoverage.runsettings
		docker-build.ps1 = docker-build.ps1
		docker-start.ps1 = docker-start.ps1
		LICENSE = LICENSE
		NHSD.GPIT.BuyingCatalogue.sln.DotSettings = NHSD.GPIT.BuyingCatalogue.sln.DotSettings
		NuGet.config = NuGet.config
		README.md = README.md
		global.json = global.json
		codecov.yml = codecov.yml
	EndProjectSection
EndProject
Project("{2150E333-8FDC-42A3-9474-1A3956D46DE8}") = "src", "src", "{885B7CFA-DB1B-4D95-9943-CDDDDCBED5A3}"
EndProject
Project("{2150E333-8FDC-42A3-9474-1A3956D46DE8}") = "tests", "tests", "{D1172DF2-850A-4CCD-949F-8CB9AE7A2DE8}"
EndProject
Project("{9A19103F-16F7-4668-BE54-9A1E7A4F7556}") = "NHSD.GPIT.BuyingCatalogue.WebApp", "src\NHSD.GPIT.BuyingCatalogue.WebApp\NHSD.GPIT.BuyingCatalogue.WebApp.csproj", "{4CB21DE6-F59A-4F8D-B63B-41D9DB7461EC}"
EndProject
Project("{E53339B2-1760-4266-BCC7-CA923CBCF16C}") = "docker-compose", "docker-compose.dcproj", "{593A5286-F85C-46A1-AE0C-400A53847DD6}"
EndProject
Project("{9A19103F-16F7-4668-BE54-9A1E7A4F7556}") = "NHSD.GPIT.BuyingCatalogue.WebApp.UnitTests", "tests\NHSD.GPIT.BuyingCatalogue.WebApp.UnitTests\NHSD.GPIT.BuyingCatalogue.WebApp.UnitTests.csproj", "{405586F3-B228-43FC-B875-D15B4476D301}"
EndProject
Project("{9A19103F-16F7-4668-BE54-9A1E7A4F7556}") = "NHSD.GPIT.BuyingCatalogue.EntityFramework", "src\NHSD.GPIT.BuyingCatalogue.EntityFramework\NHSD.GPIT.BuyingCatalogue.EntityFramework.csproj", "{12E99ECA-A195-469C-BEC2-EFB4583FE7F4}"
EndProject
Project("{9A19103F-16F7-4668-BE54-9A1E7A4F7556}") = "NHSD.GPIT.BuyingCatalogue.Framework", "src\NHSD.GPIT.BuyingCatalogue.Framework\NHSD.GPIT.BuyingCatalogue.Framework.csproj", "{CF87C28E-F17B-4A44-A18F-DA067BAB592C}"
EndProject
Project("{9A19103F-16F7-4668-BE54-9A1E7A4F7556}") = "NHSD.GPIT.BuyingCatalogue.ServiceContracts", "src\NHSD.GPIT.BuyingCatalogue.ServiceContracts\NHSD.GPIT.BuyingCatalogue.ServiceContracts.csproj", "{54340579-CD34-4A15-9A2C-DB8998B7F116}"
EndProject
Project("{9A19103F-16F7-4668-BE54-9A1E7A4F7556}") = "NHSD.GPIT.BuyingCatalogue.Services", "src\NHSD.GPIT.BuyingCatalogue.Services\NHSD.GPIT.BuyingCatalogue.Services.csproj", "{C43C781F-F248-47E6-A9FD-642AC7CDBCAB}"
EndProject
Project("{9A19103F-16F7-4668-BE54-9A1E7A4F7556}") = "NHSD.GPIT.BuyingCatalogue.ServiceContracts.UnitTests", "tests\NHSD.GPIT.BuyingCatalogue.ServiceContracts.UnitTests\NHSD.GPIT.BuyingCatalogue.ServiceContracts.UnitTests.csproj", "{52F19CC7-89C9-4F99-BA62-0FCCB3D72FE9}"
EndProject
Project("{9A19103F-16F7-4668-BE54-9A1E7A4F7556}") = "NHSD.GPIT.BuyingCatalogue.Framework.UnitTests", "tests\NHSD.GPIT.BuyingCatalogue.Framework.UnitTests\NHSD.GPIT.BuyingCatalogue.Framework.UnitTests.csproj", "{AEC08659-7E95-434D-9DCC-BE0BA0EFDD9C}"
EndProject
Project("{9A19103F-16F7-4668-BE54-9A1E7A4F7556}") = "NHSD.GPIT.BuyingCatalogue.Services.UnitTests", "tests\NHSD.GPIT.BuyingCatalogue.Services.UnitTests\NHSD.GPIT.BuyingCatalogue.Services.UnitTests.csproj", "{8605DC87-313F-4238-9617-604151EEBE82}"
EndProject
Project("{9A19103F-16F7-4668-BE54-9A1E7A4F7556}") = "NHSD.GPIT.BuyingCatalogue.UnitTest.Framework", "tests\NHSD.GPIT.BuyingCatalogue.UnitTest.Framework\NHSD.GPIT.BuyingCatalogue.UnitTest.Framework.csproj", "{C518EAC3-32B1-4F6C-BA6D-AAC887A649EB}"
EndProject
Project("{9A19103F-16F7-4668-BE54-9A1E7A4F7556}") = "NHSD.GPIT.BuyingCatalogue.IntegrationTests", "tests\NHSD.GPIT.BuyingCatalogue.E2E.PublicBrowseTests\NHSD.GPIT.BuyingCatalogue.IntegrationTests.csproj", "{7520A1C2-FA69-4E13-B217-62A277B51914}"
EndProject
Project("{9A19103F-16F7-4668-BE54-9A1E7A4F7556}") = "NHSD.GPIT.BuyingCatalogue.EntityFramework.UnitTests", "tests\NHSD.GPIT.BuyingCatalogue.EntityFramework.UnitTests\NHSD.GPIT.BuyingCatalogue.EntityFramework.UnitTests.csproj", "{0BBE4303-14C5-47A5-8BF3-EEA63AF819B3}"
EndProject
Project("{2150E333-8FDC-42A3-9474-1A3956D46DE8}") = "terraform", "terraform", "{E9D972A0-C13A-445B-A3B0-F6DBE3F0A84D}"
	ProjectSection(SolutionItems) = preProject
		terraform\.terraform.lock.hcl = terraform\.terraform.lock.hcl
		terraform\locals.tf = terraform\locals.tf
		terraform\main.tf = terraform\main.tf
		terraform\output.tf = terraform\output.tf
		terraform\resource_groups.tf = terraform\resource_groups.tf
		terraform\sql_dbs.tf = terraform\sql_dbs.tf
		terraform\variables.tf = terraform\variables.tf
		terraform\webapp.tf = terraform\webapp.tf
		terraform\webapp_bindings.tf = terraform\webapp_bindings.tf
		terraform\z_imported_secrets.tf = terraform\z_imported_secrets.tf
		terraform\z_imported_secrets_core.tf = terraform\z_imported_secrets_core.tf
	EndProjectSection
EndProject
Project("{2150E333-8FDC-42A3-9474-1A3956D46DE8}") = "modules", "modules", "{635A7165-F71B-4806-8DE4-2B2CF246F12A}"
EndProject
Project("{2150E333-8FDC-42A3-9474-1A3956D46DE8}") = "bc_sql_dbs_webapp", "bc_sql_dbs_webapp", "{FBF6B284-D5E7-4690-B04B-86B0106915BC}"
	ProjectSection(SolutionItems) = preProject
		terraform\modules\bc_sql_dbs_webapp\main.tf = terraform\modules\bc_sql_dbs_webapp\main.tf
		terraform\modules\bc_sql_dbs_webapp\output.tf = terraform\modules\bc_sql_dbs_webapp\output.tf
		terraform\modules\bc_sql_dbs_webapp\variables.tf = terraform\modules\bc_sql_dbs_webapp\variables.tf
	EndProjectSection
EndProject
Project("{2150E333-8FDC-42A3-9474-1A3956D46DE8}") = "bc_storage_account", "bc_storage_account", "{69A02FB9-73B1-408E-8015-E246775F6698}"
	ProjectSection(SolutionItems) = preProject
		terraform\modules\bc_storage_account\main.tf = terraform\modules\bc_storage_account\main.tf
		terraform\modules\bc_storage_account\output.tf = terraform\modules\bc_storage_account\output.tf
		terraform\modules\bc_storage_account\storage_containers.tf = terraform\modules\bc_storage_account\storage_containers.tf
		terraform\modules\bc_storage_account\storage_network_rules.tf = terraform\modules\bc_storage_account\storage_network_rules.tf
		terraform\modules\bc_storage_account\storage_secrets.tf = terraform\modules\bc_storage_account\storage_secrets.tf
		terraform\modules\bc_storage_account\variables.tf = terraform\modules\bc_storage_account\variables.tf
	EndProjectSection
EndProject
Project("{2150E333-8FDC-42A3-9474-1A3956D46DE8}") = "bc_webapp_pri", "bc_webapp_pri", "{5E0DEF34-769A-41AD-BC53-9B42B536CE45}"
	ProjectSection(SolutionItems) = preProject
		terraform\modules\bc_webapp_pri\import_acr.tf = terraform\modules\bc_webapp_pri\import_acr.tf
		terraform\modules\bc_webapp_pri\import_sql.tf = terraform\modules\bc_webapp_pri\import_sql.tf
		terraform\modules\bc_webapp_pri\keyvault_access.tf = terraform\modules\bc_webapp_pri\keyvault_access.tf
		terraform\modules\bc_webapp_pri\main.tf = terraform\modules\bc_webapp_pri\main.tf
		terraform\modules\bc_webapp_pri\output.tf = terraform\modules\bc_webapp_pri\output.tf
		terraform\modules\bc_webapp_pri\variables.tf = terraform\modules\bc_webapp_pri\variables.tf
		terraform\modules\bc_webapp_pri\z_imported_secrets_core.tf = terraform\modules\bc_webapp_pri\z_imported_secrets_core.tf
	EndProjectSection
EndProject
Project("{2150E333-8FDC-42A3-9474-1A3956D46DE8}") = "Dictionaries", "Dictionaries", "{9874F3E6-3B8A-4D8A-83B8-64DEBBAE7A5A}"
	ProjectSection(SolutionItems) = preProject
		Dictionaries\en_GB-large.aff = Dictionaries\en_GB-large.aff
		Dictionaries\en_GB-large.dic = Dictionaries\en_GB-large.dic
		Dictionaries\README_en_GB-large.txt = Dictionaries\README_en_GB-large.txt
	EndProjectSection
EndProject
Project("{9A19103F-16F7-4668-BE54-9A1E7A4F7556}") = "NHSD.GPIT.BuyingCatalogue.UI.Components", "src\NHSD.GPIT.BuyingCatalogue.UI.Components\NHSD.GPIT.BuyingCatalogue.UI.Components.csproj", "{C0E6F77D-A380-4196-B4B8-C859092393DC}"
EndProject
Project("{9A19103F-16F7-4668-BE54-9A1E7A4F7556}") = "NHSD.GPIT.BuyingCatalogue.UI.Components.WebApp", "src\NHSD.GPIT.BuyingCatalogue.UI.Components.WebApp\NHSD.GPIT.BuyingCatalogue.UI.Components.WebApp.csproj", "{ADE6425F-36C9-4183-81EF-BB1A186F2D7B}"
EndProject
Project("{9A19103F-16F7-4668-BE54-9A1E7A4F7556}") = "NHSD.GPIT.BuyingCatalogue.UI.Components.UnitTests", "tests\NHSD.GPIT.BuyingCatalogue.UI.Components.UnitTests\NHSD.GPIT.BuyingCatalogue.UI.Components.UnitTests.csproj", "{0A9411BA-8BEC-4472-B21E-79077727F99E}"
EndProject
Project("{9A19103F-16F7-4668-BE54-9A1E7A4F7556}") = "NHSD.GPIT.BuyingCatalogue.E2ETests.Framework", "tests\NHSD.GPIT.BuyingCatalogue.E2ETests.Framework\NHSD.GPIT.BuyingCatalogue.E2ETests.Framework.csproj", "{98B5F3D2-BCD0-4545-BBE6-B6F6A69EDA0E}"
EndProject
Project("{9A19103F-16F7-4668-BE54-9A1E7A4F7556}") = "NHSD.GPIT.BuyingCatalogue.RegressionTests", "tests\NHSD.GPIT.BuyingCatalogue.RegressionTests\NHSD.GPIT.BuyingCatalogue.RegressionTests.csproj", "{3CE3516A-1C8E-4CA6-90AA-91798B881280}"
EndProject
Global
	GlobalSection(SolutionConfigurationPlatforms) = preSolution
		Debug|Any CPU = Debug|Any CPU
		Release|Any CPU = Release|Any CPU
	EndGlobalSection
	GlobalSection(ProjectConfigurationPlatforms) = postSolution
		{4CB21DE6-F59A-4F8D-B63B-41D9DB7461EC}.Debug|Any CPU.ActiveCfg = Debug|Any CPU
		{4CB21DE6-F59A-4F8D-B63B-41D9DB7461EC}.Debug|Any CPU.Build.0 = Debug|Any CPU
		{4CB21DE6-F59A-4F8D-B63B-41D9DB7461EC}.Release|Any CPU.ActiveCfg = Release|Any CPU
		{4CB21DE6-F59A-4F8D-B63B-41D9DB7461EC}.Release|Any CPU.Build.0 = Release|Any CPU
		{593A5286-F85C-46A1-AE0C-400A53847DD6}.Debug|Any CPU.ActiveCfg = Debug|Any CPU
		{593A5286-F85C-46A1-AE0C-400A53847DD6}.Release|Any CPU.ActiveCfg = Release|Any CPU
		{405586F3-B228-43FC-B875-D15B4476D301}.Debug|Any CPU.ActiveCfg = Debug|Any CPU
		{405586F3-B228-43FC-B875-D15B4476D301}.Debug|Any CPU.Build.0 = Debug|Any CPU
		{405586F3-B228-43FC-B875-D15B4476D301}.Release|Any CPU.ActiveCfg = Release|Any CPU
		{405586F3-B228-43FC-B875-D15B4476D301}.Release|Any CPU.Build.0 = Release|Any CPU
		{12E99ECA-A195-469C-BEC2-EFB4583FE7F4}.Debug|Any CPU.ActiveCfg = Debug|Any CPU
		{12E99ECA-A195-469C-BEC2-EFB4583FE7F4}.Debug|Any CPU.Build.0 = Debug|Any CPU
		{12E99ECA-A195-469C-BEC2-EFB4583FE7F4}.Release|Any CPU.ActiveCfg = Release|Any CPU
		{12E99ECA-A195-469C-BEC2-EFB4583FE7F4}.Release|Any CPU.Build.0 = Release|Any CPU
		{CF87C28E-F17B-4A44-A18F-DA067BAB592C}.Debug|Any CPU.ActiveCfg = Debug|Any CPU
		{CF87C28E-F17B-4A44-A18F-DA067BAB592C}.Debug|Any CPU.Build.0 = Debug|Any CPU
		{CF87C28E-F17B-4A44-A18F-DA067BAB592C}.Release|Any CPU.ActiveCfg = Release|Any CPU
		{CF87C28E-F17B-4A44-A18F-DA067BAB592C}.Release|Any CPU.Build.0 = Release|Any CPU
		{54340579-CD34-4A15-9A2C-DB8998B7F116}.Debug|Any CPU.ActiveCfg = Debug|Any CPU
		{54340579-CD34-4A15-9A2C-DB8998B7F116}.Debug|Any CPU.Build.0 = Debug|Any CPU
		{54340579-CD34-4A15-9A2C-DB8998B7F116}.Release|Any CPU.ActiveCfg = Release|Any CPU
		{54340579-CD34-4A15-9A2C-DB8998B7F116}.Release|Any CPU.Build.0 = Release|Any CPU
		{C43C781F-F248-47E6-A9FD-642AC7CDBCAB}.Debug|Any CPU.ActiveCfg = Debug|Any CPU
		{C43C781F-F248-47E6-A9FD-642AC7CDBCAB}.Debug|Any CPU.Build.0 = Debug|Any CPU
		{C43C781F-F248-47E6-A9FD-642AC7CDBCAB}.Release|Any CPU.ActiveCfg = Release|Any CPU
		{C43C781F-F248-47E6-A9FD-642AC7CDBCAB}.Release|Any CPU.Build.0 = Release|Any CPU
		{52F19CC7-89C9-4F99-BA62-0FCCB3D72FE9}.Debug|Any CPU.ActiveCfg = Debug|Any CPU
		{52F19CC7-89C9-4F99-BA62-0FCCB3D72FE9}.Debug|Any CPU.Build.0 = Debug|Any CPU
		{52F19CC7-89C9-4F99-BA62-0FCCB3D72FE9}.Release|Any CPU.ActiveCfg = Release|Any CPU
		{52F19CC7-89C9-4F99-BA62-0FCCB3D72FE9}.Release|Any CPU.Build.0 = Release|Any CPU
		{AEC08659-7E95-434D-9DCC-BE0BA0EFDD9C}.Debug|Any CPU.ActiveCfg = Debug|Any CPU
		{AEC08659-7E95-434D-9DCC-BE0BA0EFDD9C}.Debug|Any CPU.Build.0 = Debug|Any CPU
		{AEC08659-7E95-434D-9DCC-BE0BA0EFDD9C}.Release|Any CPU.ActiveCfg = Release|Any CPU
		{AEC08659-7E95-434D-9DCC-BE0BA0EFDD9C}.Release|Any CPU.Build.0 = Release|Any CPU
		{8605DC87-313F-4238-9617-604151EEBE82}.Debug|Any CPU.ActiveCfg = Debug|Any CPU
		{8605DC87-313F-4238-9617-604151EEBE82}.Debug|Any CPU.Build.0 = Debug|Any CPU
		{8605DC87-313F-4238-9617-604151EEBE82}.Release|Any CPU.ActiveCfg = Release|Any CPU
		{8605DC87-313F-4238-9617-604151EEBE82}.Release|Any CPU.Build.0 = Release|Any CPU
		{C518EAC3-32B1-4F6C-BA6D-AAC887A649EB}.Debug|Any CPU.ActiveCfg = Debug|Any CPU
		{C518EAC3-32B1-4F6C-BA6D-AAC887A649EB}.Debug|Any CPU.Build.0 = Debug|Any CPU
		{C518EAC3-32B1-4F6C-BA6D-AAC887A649EB}.Release|Any CPU.ActiveCfg = Release|Any CPU
		{C518EAC3-32B1-4F6C-BA6D-AAC887A649EB}.Release|Any CPU.Build.0 = Release|Any CPU
		{7520A1C2-FA69-4E13-B217-62A277B51914}.Debug|Any CPU.ActiveCfg = Debug|Any CPU
		{7520A1C2-FA69-4E13-B217-62A277B51914}.Debug|Any CPU.Build.0 = Debug|Any CPU
		{7520A1C2-FA69-4E13-B217-62A277B51914}.Release|Any CPU.ActiveCfg = Release|Any CPU
		{7520A1C2-FA69-4E13-B217-62A277B51914}.Release|Any CPU.Build.0 = Release|Any CPU
		{0BBE4303-14C5-47A5-8BF3-EEA63AF819B3}.Debug|Any CPU.ActiveCfg = Debug|Any CPU
		{0BBE4303-14C5-47A5-8BF3-EEA63AF819B3}.Debug|Any CPU.Build.0 = Debug|Any CPU
		{0BBE4303-14C5-47A5-8BF3-EEA63AF819B3}.Release|Any CPU.ActiveCfg = Release|Any CPU
		{0BBE4303-14C5-47A5-8BF3-EEA63AF819B3}.Release|Any CPU.Build.0 = Release|Any CPU
		{C0E6F77D-A380-4196-B4B8-C859092393DC}.Debug|Any CPU.ActiveCfg = Debug|Any CPU
		{C0E6F77D-A380-4196-B4B8-C859092393DC}.Debug|Any CPU.Build.0 = Debug|Any CPU
		{C0E6F77D-A380-4196-B4B8-C859092393DC}.Release|Any CPU.ActiveCfg = Release|Any CPU
		{C0E6F77D-A380-4196-B4B8-C859092393DC}.Release|Any CPU.Build.0 = Release|Any CPU
		{ADE6425F-36C9-4183-81EF-BB1A186F2D7B}.Debug|Any CPU.ActiveCfg = Debug|Any CPU
		{ADE6425F-36C9-4183-81EF-BB1A186F2D7B}.Debug|Any CPU.Build.0 = Debug|Any CPU
		{ADE6425F-36C9-4183-81EF-BB1A186F2D7B}.Release|Any CPU.ActiveCfg = Release|Any CPU
		{ADE6425F-36C9-4183-81EF-BB1A186F2D7B}.Release|Any CPU.Build.0 = Release|Any CPU
		{0A9411BA-8BEC-4472-B21E-79077727F99E}.Debug|Any CPU.ActiveCfg = Debug|Any CPU
		{0A9411BA-8BEC-4472-B21E-79077727F99E}.Debug|Any CPU.Build.0 = Debug|Any CPU
		{0A9411BA-8BEC-4472-B21E-79077727F99E}.Release|Any CPU.ActiveCfg = Release|Any CPU
		{0A9411BA-8BEC-4472-B21E-79077727F99E}.Release|Any CPU.Build.0 = Release|Any CPU
		{98B5F3D2-BCD0-4545-BBE6-B6F6A69EDA0E}.Debug|Any CPU.ActiveCfg = Debug|Any CPU
		{98B5F3D2-BCD0-4545-BBE6-B6F6A69EDA0E}.Debug|Any CPU.Build.0 = Debug|Any CPU
		{98B5F3D2-BCD0-4545-BBE6-B6F6A69EDA0E}.Release|Any CPU.ActiveCfg = Release|Any CPU
		{98B5F3D2-BCD0-4545-BBE6-B6F6A69EDA0E}.Release|Any CPU.Build.0 = Release|Any CPU
		{3CE3516A-1C8E-4CA6-90AA-91798B881280}.Debug|Any CPU.ActiveCfg = Debug|Any CPU
		{3CE3516A-1C8E-4CA6-90AA-91798B881280}.Debug|Any CPU.Build.0 = Debug|Any CPU
		{3CE3516A-1C8E-4CA6-90AA-91798B881280}.Release|Any CPU.ActiveCfg = Release|Any CPU
		{3CE3516A-1C8E-4CA6-90AA-91798B881280}.Release|Any CPU.Build.0 = Release|Any CPU
	EndGlobalSection
	GlobalSection(SolutionProperties) = preSolution
		HideSolutionNode = FALSE
	EndGlobalSection
	GlobalSection(NestedProjects) = preSolution
		{4CB21DE6-F59A-4F8D-B63B-41D9DB7461EC} = {885B7CFA-DB1B-4D95-9943-CDDDDCBED5A3}
		{593A5286-F85C-46A1-AE0C-400A53847DD6} = {F263267A-74BC-476F-AC68-412968DFDE9B}
		{405586F3-B228-43FC-B875-D15B4476D301} = {D1172DF2-850A-4CCD-949F-8CB9AE7A2DE8}
		{12E99ECA-A195-469C-BEC2-EFB4583FE7F4} = {885B7CFA-DB1B-4D95-9943-CDDDDCBED5A3}
		{CF87C28E-F17B-4A44-A18F-DA067BAB592C} = {885B7CFA-DB1B-4D95-9943-CDDDDCBED5A3}
		{54340579-CD34-4A15-9A2C-DB8998B7F116} = {885B7CFA-DB1B-4D95-9943-CDDDDCBED5A3}
		{C43C781F-F248-47E6-A9FD-642AC7CDBCAB} = {885B7CFA-DB1B-4D95-9943-CDDDDCBED5A3}
		{52F19CC7-89C9-4F99-BA62-0FCCB3D72FE9} = {D1172DF2-850A-4CCD-949F-8CB9AE7A2DE8}
		{AEC08659-7E95-434D-9DCC-BE0BA0EFDD9C} = {D1172DF2-850A-4CCD-949F-8CB9AE7A2DE8}
		{8605DC87-313F-4238-9617-604151EEBE82} = {D1172DF2-850A-4CCD-949F-8CB9AE7A2DE8}
		{C518EAC3-32B1-4F6C-BA6D-AAC887A649EB} = {D1172DF2-850A-4CCD-949F-8CB9AE7A2DE8}
		{7520A1C2-FA69-4E13-B217-62A277B51914} = {D1172DF2-850A-4CCD-949F-8CB9AE7A2DE8}
		{0BBE4303-14C5-47A5-8BF3-EEA63AF819B3} = {D1172DF2-850A-4CCD-949F-8CB9AE7A2DE8}
		{635A7165-F71B-4806-8DE4-2B2CF246F12A} = {E9D972A0-C13A-445B-A3B0-F6DBE3F0A84D}
		{FBF6B284-D5E7-4690-B04B-86B0106915BC} = {635A7165-F71B-4806-8DE4-2B2CF246F12A}
		{69A02FB9-73B1-408E-8015-E246775F6698} = {635A7165-F71B-4806-8DE4-2B2CF246F12A}
		{5E0DEF34-769A-41AD-BC53-9B42B536CE45} = {635A7165-F71B-4806-8DE4-2B2CF246F12A}
		{C0E6F77D-A380-4196-B4B8-C859092393DC} = {885B7CFA-DB1B-4D95-9943-CDDDDCBED5A3}
		{ADE6425F-36C9-4183-81EF-BB1A186F2D7B} = {885B7CFA-DB1B-4D95-9943-CDDDDCBED5A3}
		{0A9411BA-8BEC-4472-B21E-79077727F99E} = {D1172DF2-850A-4CCD-949F-8CB9AE7A2DE8}
		{98B5F3D2-BCD0-4545-BBE6-B6F6A69EDA0E} = {D1172DF2-850A-4CCD-949F-8CB9AE7A2DE8}
		{3CE3516A-1C8E-4CA6-90AA-91798B881280} = {D1172DF2-850A-4CCD-949F-8CB9AE7A2DE8}
	EndGlobalSection
	GlobalSection(ExtensibilityGlobals) = postSolution
		SolutionGuid = {141F787F-5876-42E9-90BB-1A87A9EE130D}
	EndGlobalSection
EndGlobal
