{
  "name": "GPITBuyingCatalogue",
  "version": "1.0.0",
  "lockfileVersion": 1,
  "requires": true,
  "dependencies": {
    "nhsuk-frontend": {
      "version": "5.0.0",
      "resolved": "https://registry.npmjs.org/nhsuk-frontend/-/nhsuk-frontend-5.0.0.tgz",
      "integrity": "sha512-QOTrASBm6Vv2PnGSuEhJhCRsYZ3gCnFovLkv6CGXfafHgG1uArBtOXfAjMjySlw2GULVz+vQv//fCIT/Muuswg=="
    }
  }
}
