
Microsoft Visual Studio Solution File, Format Version 12.00
# Visual Studio Version 16
VisualStudioVersion = 16.0.31613.86
MinimumVisualStudioVersion = 10.0.40219.1
Project("{00D1A9C2-B5F0-4AF3-8072-F6C62B433612}") = "Staging", "Staging\Staging.sqlproj", "{397F4FE3-B31E-4146-BCF9-6027131C1F5A}"
EndProject
Project("{159641D6-6404-4A2A-AE62-294DE0FE8301}") = "Migration", "Migration\Migration.dtproj", "{4E30947A-7C0D-47B2-B355-523AD6C567A4}"
EndProject
Global
	GlobalSection(SolutionConfigurationPlatforms) = preSolution
		Azure|Any CPU = Azure|Any CPU
		Debug|Any CPU = Debug|Any CPU
		Development|Any CPU = Development|Any CPU
		Release|Any CPU = Release|Any CPU
	EndGlobalSection
	GlobalSection(ProjectConfigurationPlatforms) = postSolution
		{397F4FE3-B31E-4146-BCF9-6027131C1F5A}.Azure|Any CPU.ActiveCfg = Release|Any CPU
		{397F4FE3-B31E-4146-BCF9-6027131C1F5A}.Azure|Any CPU.Build.0 = Release|Any CPU
		{397F4FE3-B31E-4146-BCF9-6027131C1F5A}.Azure|Any CPU.Deploy.0 = Release|Any CPU
		{397F4FE3-B31E-4146-BCF9-6027131C1F5A}.Debug|Any CPU.ActiveCfg = Debug|Any CPU
		{397F4FE3-B31E-4146-BCF9-6027131C1F5A}.Debug|Any CPU.Build.0 = Debug|Any CPU
		{397F4FE3-B31E-4146-BCF9-6027131C1F5A}.Debug|Any CPU.Deploy.0 = Debug|Any CPU
		{397F4FE3-B31E-4146-BCF9-6027131C1F5A}.Development|Any CPU.ActiveCfg = Debug|Any CPU
		{397F4FE3-B31E-4146-BCF9-6027131C1F5A}.Development|Any CPU.Build.0 = Debug|Any CPU
		{397F4FE3-B31E-4146-BCF9-6027131C1F5A}.Development|Any CPU.Deploy.0 = Debug|Any CPU
		{397F4FE3-B31E-4146-BCF9-6027131C1F5A}.Release|Any CPU.ActiveCfg = Release|Any CPU
		{397F4FE3-B31E-4146-BCF9-6027131C1F5A}.Release|Any CPU.Build.0 = Release|Any CPU
		{397F4FE3-B31E-4146-BCF9-6027131C1F5A}.Release|Any CPU.Deploy.0 = Release|Any CPU
		{4E30947A-7C0D-47B2-B355-523AD6C567A4}.Azure|Any CPU.ActiveCfg = Azure
		{4E30947A-7C0D-47B2-B355-523AD6C567A4}.Azure|Any CPU.Build.0 = Azure
		{4E30947A-7C0D-47B2-B355-523AD6C567A4}.Debug|Any CPU.ActiveCfg = Development
		{4E30947A-7C0D-47B2-B355-523AD6C567A4}.Debug|Any CPU.Build.0 = Development
		{4E30947A-7C0D-47B2-B355-523AD6C567A4}.Development|Any CPU.ActiveCfg = Development
		{4E30947A-7C0D-47B2-B355-523AD6C567A4}.Development|Any CPU.Build.0 = Development
		{4E30947A-7C0D-47B2-B355-523AD6C567A4}.Release|Any CPU.ActiveCfg = Azure
		{4E30947A-7C0D-47B2-B355-523AD6C567A4}.Release|Any CPU.Build.0 = Azure
	EndGlobalSection
	GlobalSection(SolutionProperties) = preSolution
		HideSolutionNode = FALSE
	EndGlobalSection
	GlobalSection(ExtensibilityGlobals) = postSolution
		SolutionGuid = {EBD60B43-3D64-4057-9A2E-966BBB9447FE}
	EndGlobalSection
EndGlobal
